
Microsoft Visual Studio Solution File, Format Version 12.00
# Visual Studio 15
VisualStudioVersion = 15.0.28010.2016
MinimumVisualStudioVersion = 10.0.40219.1
Project("{FAE04EC0-301F-11D3-BF4B-00C04F79EFBC}") = "Level1_2", "Level1_2\Level1_2.csproj", "{BA0E7AD0-2BF4-4746-A2B3-62E5C502404D}"
EndProject
Global
	GlobalSection(SolutionConfigurationPlatforms) = preSolution
		Debug|Any CPU = Debug|Any CPU
		Release|Any CPU = Release|Any CPU
	EndGlobalSection
	GlobalSection(ProjectConfigurationPlatforms) = postSolution
		{BA0E7AD0-2BF4-4746-A2B3-62E5C502404D}.Debug|Any CPU.ActiveCfg = Debug|Any CPU
		{BA0E7AD0-2BF4-4746-A2B3-62E5C502404D}.Debug|Any CPU.Build.0 = Debug|Any CPU
		{BA0E7AD0-2BF4-4746-A2B3-62E5C502404D}.Release|Any CPU.ActiveCfg = Release|Any CPU
		{BA0E7AD0-2BF4-4746-A2B3-62E5C502404D}.Release|Any CPU.Build.0 = Release|Any CPU
	EndGlobalSection
	GlobalSection(SolutionProperties) = preSolution
		HideSolutionNode = FALSE
	EndGlobalSection
	GlobalSection(ExtensibilityGlobals) = postSolution
		SolutionGuid = {ACBA9322-C6F9-4D74-9A69-EF9D702F17B2}
	EndGlobalSection
EndGlobal
